// !$*UTF8*$!
{
	archiveVersion = 1;
	classes = {
	};
	objectVersion = 50;
	objects = {

/* Begin PBXBuildFile section */
		010B1BE3242AD76C0070B730 /* AlbumViewCell.swift in Sources */ = {isa = PBXBuildFile; fileRef = 010B1BE2242AD76C0070B730 /* AlbumViewCell.swift */; };
		0145BF75242C4B30000136A0 /* README.md in Resources */ = {isa = PBXBuildFile; fileRef = 0145BF74242C4B30000136A0 /* README.md */; };
		0145BF77242C52CF000136A0 /* MockNetwork.swift in Sources */ = {isa = PBXBuildFile; fileRef = 0145BF76242C52CF000136A0 /* MockNetwork.swift */; };
		01636474242BC43E0073AB7A /* Author.swift in Sources */ = {isa = PBXBuildFile; fileRef = 0190DBCF242BA9A200708FFF /* Author.swift */; };
		01636475242BC4420073AB7A /* FeedResult.swift in Sources */ = {isa = PBXBuildFile; fileRef = 0190DBD3242BA9ED00708FFF /* FeedResult.swift */; };
		01636477242BEB6D0073AB7A /* Handlers.swift in Sources */ = {isa = PBXBuildFile; fileRef = 01636476242BEB6D0073AB7A /* Handlers.swift */; };
		01636479242C03520073AB7A /* Endpoint.swift in Sources */ = {isa = PBXBuildFile; fileRef = 01636478242C03520073AB7A /* Endpoint.swift */; };
		0190DBD2242BA9B800708FFF /* Links.swift in Sources */ = {isa = PBXBuildFile; fileRef = 0190DBD1242BA9B800708FFF /* Links.swift */; };
		0190DBD6242BAA2100708FFF /* Genre.swift in Sources */ = {isa = PBXBuildFile; fileRef = 0190DBD5242BAA2100708FFF /* Genre.swift */; };
		0190DBD8242BAA3800708FFF /* NetworkError.swift in Sources */ = {isa = PBXBuildFile; fileRef = 0190DBD7242BAA3800708FFF /* NetworkError.swift */; };
		01A22FA3242ADF9200749E66 /* AblumDetailViewController.swift in Sources */ = {isa = PBXBuildFile; fileRef = 01A22FA2242ADF9200749E66 /* AblumDetailViewController.swift */; };
		01C541F1242AAD8F005AB3FF /* AppDelegate.swift in Sources */ = {isa = PBXBuildFile; fileRef = 01C541F0242AAD8F005AB3FF /* AppDelegate.swift */; };
		01C541F3242AAD8F005AB3FF /* SceneDelegate.swift in Sources */ = {isa = PBXBuildFile; fileRef = 01C541F2242AAD8F005AB3FF /* SceneDelegate.swift */; };
		01C541F5242AAD8F005AB3FF /* AlbumTableViewController.swift in Sources */ = {isa = PBXBuildFile; fileRef = 01C541F4242AAD8F005AB3FF /* AlbumTableViewController.swift */; };
		01C541FA242AAD92005AB3FF /* Assets.xcassets in Resources */ = {isa = PBXBuildFile; fileRef = 01C541F9242AAD92005AB3FF /* Assets.xcassets */; };
		01C541FD242AAD92005AB3FF /* LaunchScreen.storyboard in Resources */ = {isa = PBXBuildFile; fileRef = 01C541FB242AAD92005AB3FF /* LaunchScreen.storyboard */; };
		01C54208242AAD92005AB3FF /* iTunesTopAlbumViewerTests.swift in Sources */ = {isa = PBXBuildFile; fileRef = 01C54207242AAD92005AB3FF /* iTunesTopAlbumViewerTests.swift */; };
		01C54213242AAD92005AB3FF /* iTunesTopAlbumViewerUITests.swift in Sources */ = {isa = PBXBuildFile; fileRef = 01C54212242AAD92005AB3FF /* iTunesTopAlbumViewerUITests.swift */; };
		01C54222242AB54E005AB3FF /* NetworkManager.swift in Sources */ = {isa = PBXBuildFile; fileRef = 01C54221242AB54E005AB3FF /* NetworkManager.swift */; };
		01C54225242AB685005AB3FF /* Feed.swift in Sources */ = {isa = PBXBuildFile; fileRef = 01C54224242AB685005AB3FF /* Feed.swift */; };
		01C54229242ABBA0005AB3FF /* Endpoint+Extensions.swift in Sources */ = {isa = PBXBuildFile; fileRef = 01C54228242ABBA0005AB3FF /* Endpoint+Extensions.swift */; };
/* End PBXBuildFile section */

/* Begin PBXContainerItemProxy section */
		01C54204242AAD92005AB3FF /* PBXContainerItemProxy */ = {
			isa = PBXContainerItemProxy;
			containerPortal = 01C541E5242AAD8F005AB3FF /* Project object */;
			proxyType = 1;
			remoteGlobalIDString = 01C541EC242AAD8F005AB3FF;
			remoteInfo = iTunesTopAlbumViewer;
		};
		01C5420F242AAD92005AB3FF /* PBXContainerItemProxy */ = {
			isa = PBXContainerItemProxy;
			containerPortal = 01C541E5242AAD8F005AB3FF /* Project object */;
			proxyType = 1;
			remoteGlobalIDString = 01C541EC242AAD8F005AB3FF;
			remoteInfo = iTunesTopAlbumViewer;
		};
/* End PBXContainerItemProxy section */

/* Begin PBXFileReference section */
		010B1BE2242AD76C0070B730 /* AlbumViewCell.swift */ = {isa = PBXFileReference; lastKnownFileType = sourcecode.swift; path = AlbumViewCell.swift; sourceTree = "<group>"; };
		0145BF74242C4B30000136A0 /* README.md */ = {isa = PBXFileReference; fileEncoding = 4; lastKnownFileType = net.daringfireball.markdown; path = README.md; sourceTree = "<group>"; };
		0145BF76242C52CF000136A0 /* MockNetwork.swift */ = {isa = PBXFileReference; lastKnownFileType = sourcecode.swift; path = MockNetwork.swift; sourceTree = "<group>"; };
		01636476242BEB6D0073AB7A /* Handlers.swift */ = {isa = PBXFileReference; lastKnownFileType = sourcecode.swift; path = Handlers.swift; sourceTree = "<group>"; };
		01636478242C03520073AB7A /* Endpoint.swift */ = {isa = PBXFileReference; fileEncoding = 4; lastKnownFileType = sourcecode.swift; path = Endpoint.swift; sourceTree = "<group>"; };
		0190DBCF242BA9A200708FFF /* Author.swift */ = {isa = PBXFileReference; lastKnownFileType = sourcecode.swift; path = Author.swift; sourceTree = "<group>"; };
		0190DBD1242BA9B800708FFF /* Links.swift */ = {isa = PBXFileReference; lastKnownFileType = sourcecode.swift; path = Links.swift; sourceTree = "<group>"; };
		0190DBD3242BA9ED00708FFF /* FeedResult.swift */ = {isa = PBXFileReference; lastKnownFileType = sourcecode.swift; path = FeedResult.swift; sourceTree = "<group>"; };
		0190DBD5242BAA2100708FFF /* Genre.swift */ = {isa = PBXFileReference; lastKnownFileType = sourcecode.swift; path = Genre.swift; sourceTree = "<group>"; };
		0190DBD7242BAA3800708FFF /* NetworkError.swift */ = {isa = PBXFileReference; lastKnownFileType = sourcecode.swift; path = NetworkError.swift; sourceTree = "<group>"; };
		01A22FA2242ADF9200749E66 /* AblumDetailViewController.swift */ = {isa = PBXFileReference; lastKnownFileType = sourcecode.swift; path = AblumDetailViewController.swift; sourceTree = "<group>"; };
		01C541ED242AAD8F005AB3FF /* iTunesTopAlbumViewer.app */ = {isa = PBXFileReference; explicitFileType = wrapper.application; includeInIndex = 0; path = iTunesTopAlbumViewer.app; sourceTree = BUILT_PRODUCTS_DIR; };
		01C541F0242AAD8F005AB3FF /* AppDelegate.swift */ = {isa = PBXFileReference; lastKnownFileType = sourcecode.swift; path = AppDelegate.swift; sourceTree = "<group>"; };
		01C541F2242AAD8F005AB3FF /* SceneDelegate.swift */ = {isa = PBXFileReference; lastKnownFileType = sourcecode.swift; path = SceneDelegate.swift; sourceTree = "<group>"; };
		01C541F4242AAD8F005AB3FF /* AlbumTableViewController.swift */ = {isa = PBXFileReference; lastKnownFileType = sourcecode.swift; path = AlbumTableViewController.swift; sourceTree = "<group>"; };
		01C541F9242AAD92005AB3FF /* Assets.xcassets */ = {isa = PBXFileReference; lastKnownFileType = folder.assetcatalog; path = Assets.xcassets; sourceTree = "<group>"; };
		01C541FC242AAD92005AB3FF /* Base */ = {isa = PBXFileReference; lastKnownFileType = file.storyboard; name = Base; path = Base.lproj/LaunchScreen.storyboard; sourceTree = "<group>"; };
		01C541FE242AAD92005AB3FF /* Info.plist */ = {isa = PBXFileReference; lastKnownFileType = text.plist.xml; path = Info.plist; sourceTree = "<group>"; };
		01C54203242AAD92005AB3FF /* iTunesTopAlbumViewerTests.xctest */ = {isa = PBXFileReference; explicitFileType = wrapper.cfbundle; includeInIndex = 0; path = iTunesTopAlbumViewerTests.xctest; sourceTree = BUILT_PRODUCTS_DIR; };
		01C54207242AAD92005AB3FF /* iTunesTopAlbumViewerTests.swift */ = {isa = PBXFileReference; lastKnownFileType = sourcecode.swift; path = iTunesTopAlbumViewerTests.swift; sourceTree = "<group>"; };
		01C54209242AAD92005AB3FF /* Info.plist */ = {isa = PBXFileReference; lastKnownFileType = text.plist.xml; path = Info.plist; sourceTree = "<group>"; };
		01C5420E242AAD92005AB3FF /* iTunesTopAlbumViewerUITests.xctest */ = {isa = PBXFileReference; explicitFileType = wrapper.cfbundle; includeInIndex = 0; path = iTunesTopAlbumViewerUITests.xctest; sourceTree = BUILT_PRODUCTS_DIR; };
		01C54212242AAD92005AB3FF /* iTunesTopAlbumViewerUITests.swift */ = {isa = PBXFileReference; lastKnownFileType = sourcecode.swift; path = iTunesTopAlbumViewerUITests.swift; sourceTree = "<group>"; };
		01C54214242AAD92005AB3FF /* Info.plist */ = {isa = PBXFileReference; lastKnownFileType = text.plist.xml; path = Info.plist; sourceTree = "<group>"; };
		01C54220242AB465005AB3FF /* Top 100 Albums.entitlements */ = {isa = PBXFileReference; lastKnownFileType = text.plist.entitlements; path = "Top 100 Albums.entitlements"; sourceTree = "<group>"; };
		01C54221242AB54E005AB3FF /* NetworkManager.swift */ = {isa = PBXFileReference; lastKnownFileType = sourcecode.swift; path = NetworkManager.swift; sourceTree = "<group>"; };
		01C54224242AB685005AB3FF /* Feed.swift */ = {isa = PBXFileReference; lastKnownFileType = sourcecode.swift; path = Feed.swift; sourceTree = "<group>"; };
		01C54228242ABBA0005AB3FF /* Endpoint+Extensions.swift */ = {isa = PBXFileReference; lastKnownFileType = sourcecode.swift; path = "Endpoint+Extensions.swift"; sourceTree = "<group>"; };
/* End PBXFileReference section */

/* Begin PBXFrameworksBuildPhase section */
		01C541EA242AAD8F005AB3FF /* Frameworks */ = {
			isa = PBXFrameworksBuildPhase;
			buildActionMask = 2147483647;
			files = (
			);
			runOnlyForDeploymentPostprocessing = 0;
		};
		01C54200242AAD92005AB3FF /* Frameworks */ = {
			isa = PBXFrameworksBuildPhase;
			buildActionMask = 2147483647;
			files = (
			);
			runOnlyForDeploymentPostprocessing = 0;
		};
		01C5420B242AAD92005AB3FF /* Frameworks */ = {
			isa = PBXFrameworksBuildPhase;
			buildActionMask = 2147483647;
			files = (
			);
			runOnlyForDeploymentPostprocessing = 0;
		};
/* End PBXFrameworksBuildPhase section */

/* Begin PBXGroup section */
		0190DBD9242BAC7F00708FFF /* Network */ = {
			isa = PBXGroup;
			children = (
				01C54221242AB54E005AB3FF /* NetworkManager.swift */,
				01636476242BEB6D0073AB7A /* Handlers.swift */,
				0190DBD7242BAA3800708FFF /* NetworkError.swift */,
				01636478242C03520073AB7A /* Endpoint.swift */,
				01C54228242ABBA0005AB3FF /* Endpoint+Extensions.swift */,
				0145BF76242C52CF000136A0 /* MockNetwork.swift */,
			);
			path = Network;
			sourceTree = "<group>";
		};
		01C541E4242AAD8F005AB3FF = {
			isa = PBXGroup;
			children = (
				0145BF74242C4B30000136A0 /* README.md */,
				01C541EF242AAD8F005AB3FF /* iTunesTopAlbumViewer */,
				01C54206242AAD92005AB3FF /* iTunesTopAlbumViewerTests */,
				01C54211242AAD92005AB3FF /* iTunesTopAlbumViewerUITests */,
				01C541EE242AAD8F005AB3FF /* Products */,
			);
			sourceTree = "<group>";
		};
		01C541EE242AAD8F005AB3FF /* Products */ = {
			isa = PBXGroup;
			children = (
				01C541ED242AAD8F005AB3FF /* iTunesTopAlbumViewer.app */,
				01C54203242AAD92005AB3FF /* iTunesTopAlbumViewerTests.xctest */,
				01C5420E242AAD92005AB3FF /* iTunesTopAlbumViewerUITests.xctest */,
			);
			name = Products;
			sourceTree = "<group>";
		};
		01C541EF242AAD8F005AB3FF /* iTunesTopAlbumViewer */ = {
			isa = PBXGroup;
			children = (
				01C541F0242AAD8F005AB3FF /* AppDelegate.swift */,
				01C541F2242AAD8F005AB3FF /* SceneDelegate.swift */,
				01C541F4242AAD8F005AB3FF /* AlbumTableViewController.swift */,
				01A22FA2242ADF9200749E66 /* AblumDetailViewController.swift */,
				010B1BE2242AD76C0070B730 /* AlbumViewCell.swift */,
				0190DBD9242BAC7F00708FFF /* Network */,
				01C54223242AB57A005AB3FF /* Model */,
				01C541F9242AAD92005AB3FF /* Assets.xcassets */,
				01C541FB242AAD92005AB3FF /* LaunchScreen.storyboard */,
				01C54220242AB465005AB3FF /* Top 100 Albums.entitlements */,
				01C541FE242AAD92005AB3FF /* Info.plist */,
			);
			path = iTunesTopAlbumViewer;
			sourceTree = "<group>";
		};
		01C54206242AAD92005AB3FF /* iTunesTopAlbumViewerTests */ = {
			isa = PBXGroup;
			children = (
				01C54207242AAD92005AB3FF /* iTunesTopAlbumViewerTests.swift */,
				01C54209242AAD92005AB3FF /* Info.plist */,
			);
			path = iTunesTopAlbumViewerTests;
			sourceTree = "<group>";
		};
		01C54211242AAD92005AB3FF /* iTunesTopAlbumViewerUITests */ = {
			isa = PBXGroup;
			children = (
				01C54212242AAD92005AB3FF /* iTunesTopAlbumViewerUITests.swift */,
				01C54214242AAD92005AB3FF /* Info.plist */,
			);
			path = iTunesTopAlbumViewerUITests;
			sourceTree = "<group>";
		};
		01C54223242AB57A005AB3FF /* Model */ = {
			isa = PBXGroup;
			children = (
				01C54224242AB685005AB3FF /* Feed.swift */,
				0190DBD3242BA9ED00708FFF /* FeedResult.swift */,
				0190DBCF242BA9A200708FFF /* Author.swift */,
				0190DBD1242BA9B800708FFF /* Links.swift */,
				0190DBD5242BAA2100708FFF /* Genre.swift */,
			);
			path = Model;
			sourceTree = "<group>";
		};
/* End PBXGroup section */

/* Begin PBXNativeTarget section */
		01C541EC242AAD8F005AB3FF /* iTunesTopAlbumViewer */ = {
			isa = PBXNativeTarget;
			buildConfigurationList = 01C54217242AAD92005AB3FF /* Build configuration list for PBXNativeTarget "iTunesTopAlbumViewer" */;
			buildPhases = (
				01C541E9242AAD8F005AB3FF /* Sources */,
				01C541EA242AAD8F005AB3FF /* Frameworks */,
				01C541EB242AAD8F005AB3FF /* Resources */,
			);
			buildRules = (
			);
			dependencies = (
			);
			name = iTunesTopAlbumViewer;
			productName = iTunesTopAlbumViewer;
			productReference = 01C541ED242AAD8F005AB3FF /* iTunesTopAlbumViewer.app */;
			productType = "com.apple.product-type.application";
		};
		01C54202242AAD92005AB3FF /* iTunesTopAlbumViewerTests */ = {
			isa = PBXNativeTarget;
			buildConfigurationList = 01C5421A242AAD92005AB3FF /* Build configuration list for PBXNativeTarget "iTunesTopAlbumViewerTests" */;
			buildPhases = (
				01C541FF242AAD92005AB3FF /* Sources */,
				01C54200242AAD92005AB3FF /* Frameworks */,
				01C54201242AAD92005AB3FF /* Resources */,
			);
			buildRules = (
			);
			dependencies = (
				01C54205242AAD92005AB3FF /* PBXTargetDependency */,
			);
			name = iTunesTopAlbumViewerTests;
			productName = iTunesTopAlbumViewerTests;
			productReference = 01C54203242AAD92005AB3FF /* iTunesTopAlbumViewerTests.xctest */;
			productType = "com.apple.product-type.bundle.unit-test";
		};
		01C5420D242AAD92005AB3FF /* iTunesTopAlbumViewerUITests */ = {
			isa = PBXNativeTarget;
			buildConfigurationList = 01C5421D242AAD92005AB3FF /* Build configuration list for PBXNativeTarget "iTunesTopAlbumViewerUITests" */;
			buildPhases = (
				01C5420A242AAD92005AB3FF /* Sources */,
				01C5420B242AAD92005AB3FF /* Frameworks */,
				01C5420C242AAD92005AB3FF /* Resources */,
			);
			buildRules = (
			);
			dependencies = (
				01C54210242AAD92005AB3FF /* PBXTargetDependency */,
			);
			name = iTunesTopAlbumViewerUITests;
			productName = iTunesTopAlbumViewerUITests;
			productReference = 01C5420E242AAD92005AB3FF /* iTunesTopAlbumViewerUITests.xctest */;
			productType = "com.apple.product-type.bundle.ui-testing";
		};
/* End PBXNativeTarget section */

/* Begin PBXProject section */
		01C541E5242AAD8F005AB3FF /* Project object */ = {
			isa = PBXProject;
			attributes = {
				LastSwiftUpdateCheck = 1130;
				LastUpgradeCheck = 1130;
				ORGANIZATIONNAME = "Nick Hayward";
				TargetAttributes = {
					01C541EC242AAD8F005AB3FF = {
						CreatedOnToolsVersion = 11.3.1;
					};
					01C54202242AAD92005AB3FF = {
						CreatedOnToolsVersion = 11.3.1;
						TestTargetID = 01C541EC242AAD8F005AB3FF;
					};
					01C5420D242AAD92005AB3FF = {
						CreatedOnToolsVersion = 11.3.1;
						TestTargetID = 01C541EC242AAD8F005AB3FF;
					};
				};
			};
			buildConfigurationList = 01C541E8242AAD8F005AB3FF /* Build configuration list for PBXProject "iTunesTopAlbumViewer" */;
			compatibilityVersion = "Xcode 9.3";
			developmentRegion = en;
			hasScannedForEncodings = 0;
			knownRegions = (
				en,
				Base,
			);
			mainGroup = 01C541E4242AAD8F005AB3FF;
			productRefGroup = 01C541EE242AAD8F005AB3FF /* Products */;
			projectDirPath = "";
			projectRoot = "";
			targets = (
				01C541EC242AAD8F005AB3FF /* iTunesTopAlbumViewer */,
				01C54202242AAD92005AB3FF /* iTunesTopAlbumViewerTests */,
				01C5420D242AAD92005AB3FF /* iTunesTopAlbumViewerUITests */,
			);
		};
/* End PBXProject section */

/* Begin PBXResourcesBuildPhase section */
		01C541EB242AAD8F005AB3FF /* Resources */ = {
			isa = PBXResourcesBuildPhase;
			buildActionMask = 2147483647;
			files = (
				0145BF75242C4B30000136A0 /* README.md in Resources */,
				01C541FD242AAD92005AB3FF /* LaunchScreen.storyboard in Resources */,
				01C541FA242AAD92005AB3FF /* Assets.xcassets in Resources */,
			);
			runOnlyForDeploymentPostprocessing = 0;
		};
		01C54201242AAD92005AB3FF /* Resources */ = {
			isa = PBXResourcesBuildPhase;
			buildActionMask = 2147483647;
			files = (
			);
			runOnlyForDeploymentPostprocessing = 0;
		};
		01C5420C242AAD92005AB3FF /* Resources */ = {
			isa = PBXResourcesBuildPhase;
			buildActionMask = 2147483647;
			files = (
			);
			runOnlyForDeploymentPostprocessing = 0;
		};
/* End PBXResourcesBuildPhase section */

/* Begin PBXSourcesBuildPhase section */
		01C541E9242AAD8F005AB3FF /* Sources */ = {
			isa = PBXSourcesBuildPhase;
			buildActionMask = 2147483647;
			files = (
				01636475242BC4420073AB7A /* FeedResult.swift in Sources */,
				010B1BE3242AD76C0070B730 /* AlbumViewCell.swift in Sources */,
				01C54222242AB54E005AB3FF /* NetworkManager.swift in Sources */,
				01C541F5242AAD8F005AB3FF /* AlbumTableViewController.swift in Sources */,
				0190DBD6242BAA2100708FFF /* Genre.swift in Sources */,
				0190DBD8242BAA3800708FFF /* NetworkError.swift in Sources */,
				01C54229242ABBA0005AB3FF /* Endpoint+Extensions.swift in Sources */,
				01636474242BC43E0073AB7A /* Author.swift in Sources */,
				01636477242BEB6D0073AB7A /* Handlers.swift in Sources */,
				01C541F1242AAD8F005AB3FF /* AppDelegate.swift in Sources */,
				01A22FA3242ADF9200749E66 /* AblumDetailViewController.swift in Sources */,
				0190DBD2242BA9B800708FFF /* Links.swift in Sources */,
				01636479242C03520073AB7A /* Endpoint.swift in Sources */,
				0145BF77242C52CF000136A0 /* MockNetwork.swift in Sources */,
				01C54225242AB685005AB3FF /* Feed.swift in Sources */,
				01C541F3242AAD8F005AB3FF /* SceneDelegate.swift in Sources */,
			);
			runOnlyForDeploymentPostprocessing = 0;
		};
		01C541FF242AAD92005AB3FF /* Sources */ = {
			isa = PBXSourcesBuildPhase;
			buildActionMask = 2147483647;
			files = (
				01C54208242AAD92005AB3FF /* iTunesTopAlbumViewerTests.swift in Sources */,
			);
			runOnlyForDeploymentPostprocessing = 0;
		};
		01C5420A242AAD92005AB3FF /* Sources */ = {
			isa = PBXSourcesBuildPhase;
			buildActionMask = 2147483647;
			files = (
				01C54213242AAD92005AB3FF /* iTunesTopAlbumViewerUITests.swift in Sources */,
			);
			runOnlyForDeploymentPostprocessing = 0;
		};
/* End PBXSourcesBuildPhase section */

/* Begin PBXTargetDependency section */
		01C54205242AAD92005AB3FF /* PBXTargetDependency */ = {
			isa = PBXTargetDependency;
			target = 01C541EC242AAD8F005AB3FF /* iTunesTopAlbumViewer */;
			targetProxy = 01C54204242AAD92005AB3FF /* PBXContainerItemProxy */;
		};
		01C54210242AAD92005AB3FF /* PBXTargetDependency */ = {
			isa = PBXTargetDependency;
			target = 01C541EC242AAD8F005AB3FF /* iTunesTopAlbumViewer */;
			targetProxy = 01C5420F242AAD92005AB3FF /* PBXContainerItemProxy */;
		};
/* End PBXTargetDependency section */

/* Begin PBXVariantGroup section */
		01C541FB242AAD92005AB3FF /* LaunchScreen.storyboard */ = {
			isa = PBXVariantGroup;
			children = (
				01C541FC242AAD92005AB3FF /* Base */,
			);
			name = LaunchScreen.storyboard;
			sourceTree = "<group>";
		};
/* End PBXVariantGroup section */

/* Begin XCBuildConfiguration section */
		01C54215242AAD92005AB3FF /* Debug */ = {
			isa = XCBuildConfiguration;
			buildSettings = {
				ALWAYS_SEARCH_USER_PATHS = NO;
				CLANG_ANALYZER_NONNULL = YES;
				CLANG_ANALYZER_NUMBER_OBJECT_CONVERSION = YES_AGGRESSIVE;
				CLANG_CXX_LANGUAGE_STANDARD = "gnu++14";
				CLANG_CXX_LIBRARY = "libc++";
				CLANG_ENABLE_MODULES = YES;
				CLANG_ENABLE_OBJC_ARC = YES;
				CLANG_ENABLE_OBJC_WEAK = YES;
				CLANG_WARN_BLOCK_CAPTURE_AUTORELEASING = YES;
				CLANG_WARN_BOOL_CONVERSION = YES;
				CLANG_WARN_COMMA = YES;
				CLANG_WARN_CONSTANT_CONVERSION = YES;
				CLANG_WARN_DEPRECATED_OBJC_IMPLEMENTATIONS = YES;
				CLANG_WARN_DIRECT_OBJC_ISA_USAGE = YES_ERROR;
				CLANG_WARN_DOCUMENTATION_COMMENTS = YES;
				CLANG_WARN_EMPTY_BODY = YES;
				CLANG_WARN_ENUM_CONVERSION = YES;
				CLANG_WARN_INFINITE_RECURSION = YES;
				CLANG_WARN_INT_CONVERSION = YES;
				CLANG_WARN_NON_LITERAL_NULL_CONVERSION = YES;
				CLANG_WARN_OBJC_IMPLICIT_RETAIN_SELF = YES;
				CLANG_WARN_OBJC_LITERAL_CONVERSION = YES;
				CLANG_WARN_OBJC_ROOT_CLASS = YES_ERROR;
				CLANG_WARN_RANGE_LOOP_ANALYSIS = YES;
				CLANG_WARN_STRICT_PROTOTYPES = YES;
				CLANG_WARN_SUSPICIOUS_MOVE = YES;
				CLANG_WARN_UNGUARDED_AVAILABILITY = YES_AGGRESSIVE;
				CLANG_WARN_UNREACHABLE_CODE = YES;
				CLANG_WARN__DUPLICATE_METHOD_MATCH = YES;
				COPY_PHASE_STRIP = NO;
				DEBUG_INFORMATION_FORMAT = dwarf;
				ENABLE_STRICT_OBJC_MSGSEND = YES;
				ENABLE_TESTABILITY = YES;
				GCC_C_LANGUAGE_STANDARD = gnu11;
				GCC_DYNAMIC_NO_PIC = NO;
				GCC_NO_COMMON_BLOCKS = YES;
				GCC_OPTIMIZATION_LEVEL = 0;
				GCC_PREPROCESSOR_DEFINITIONS = (
					"DEBUG=1",
					"$(inherited)",
				);
				GCC_WARN_64_TO_32_BIT_CONVERSION = YES;
				GCC_WARN_ABOUT_RETURN_TYPE = YES_ERROR;
				GCC_WARN_UNDECLARED_SELECTOR = YES;
				GCC_WARN_UNINITIALIZED_AUTOS = YES_AGGRESSIVE;
				GCC_WARN_UNUSED_FUNCTION = YES;
				GCC_WARN_UNUSED_VARIABLE = YES;
				IPHONEOS_DEPLOYMENT_TARGET = 13.2;
				MTL_ENABLE_DEBUG_INFO = INCLUDE_SOURCE;
				MTL_FAST_MATH = YES;
				ONLY_ACTIVE_ARCH = YES;
				SDKROOT = iphoneos;
				SWIFT_ACTIVE_COMPILATION_CONDITIONS = DEBUG;
				SWIFT_OPTIMIZATION_LEVEL = "-Onone";
			};
			name = Debug;
		};
		01C54216242AAD92005AB3FF /* Release */ = {
			isa = XCBuildConfiguration;
			buildSettings = {
				ALWAYS_SEARCH_USER_PATHS = NO;
				CLANG_ANALYZER_NONNULL = YES;
				CLANG_ANALYZER_NUMBER_OBJECT_CONVERSION = YES_AGGRESSIVE;
				CLANG_CXX_LANGUAGE_STANDARD = "gnu++14";
				CLANG_CXX_LIBRARY = "libc++";
				CLANG_ENABLE_MODULES = YES;
				CLANG_ENABLE_OBJC_ARC = YES;
				CLANG_ENABLE_OBJC_WEAK = YES;
				CLANG_WARN_BLOCK_CAPTURE_AUTORELEASING = YES;
				CLANG_WARN_BOOL_CONVERSION = YES;
				CLANG_WARN_COMMA = YES;
				CLANG_WARN_CONSTANT_CONVERSION = YES;
				CLANG_WARN_DEPRECATED_OBJC_IMPLEMENTATIONS = YES;
				CLANG_WARN_DIRECT_OBJC_ISA_USAGE = YES_ERROR;
				CLANG_WARN_DOCUMENTATION_COMMENTS = YES;
				CLANG_WARN_EMPTY_BODY = YES;
				CLANG_WARN_ENUM_CONVERSION = YES;
				CLANG_WARN_INFINITE_RECURSION = YES;
				CLANG_WARN_INT_CONVERSION = YES;
				CLANG_WARN_NON_LITERAL_NULL_CONVERSION = YES;
				CLANG_WARN_OBJC_IMPLICIT_RETAIN_SELF = YES;
				CLANG_WARN_OBJC_LITERAL_CONVERSION = YES;
				CLANG_WARN_OBJC_ROOT_CLASS = YES_ERROR;
				CLANG_WARN_RANGE_LOOP_ANALYSIS = YES;
				CLANG_WARN_STRICT_PROTOTYPES = YES;
				CLANG_WARN_SUSPICIOUS_MOVE = YES;
				CLANG_WARN_UNGUARDED_AVAILABILITY = YES_AGGRESSIVE;
				CLANG_WARN_UNREACHABLE_CODE = YES;
				CLANG_WARN__DUPLICATE_METHOD_MATCH = YES;
				COPY_PHASE_STRIP = NO;
				DEBUG_INFORMATION_FORMAT = "dwarf-with-dsym";
				ENABLE_NS_ASSERTIONS = NO;
				ENABLE_STRICT_OBJC_MSGSEND = YES;
				GCC_C_LANGUAGE_STANDARD = gnu11;
				GCC_NO_COMMON_BLOCKS = YES;
				GCC_WARN_64_TO_32_BIT_CONVERSION = YES;
				GCC_WARN_ABOUT_RETURN_TYPE = YES_ERROR;
				GCC_WARN_UNDECLARED_SELECTOR = YES;
				GCC_WARN_UNINITIALIZED_AUTOS = YES_AGGRESSIVE;
				GCC_WARN_UNUSED_FUNCTION = YES;
				GCC_WARN_UNUSED_VARIABLE = YES;
				IPHONEOS_DEPLOYMENT_TARGET = 13.2;
				MTL_ENABLE_DEBUG_INFO = NO;
				MTL_FAST_MATH = YES;
				SDKROOT = iphoneos;
				SWIFT_COMPILATION_MODE = wholemodule;
				SWIFT_OPTIMIZATION_LEVEL = "-O";
				VALIDATE_PRODUCT = YES;
			};
			name = Release;
		};
		01C54218242AAD92005AB3FF /* Debug */ = {
			isa = XCBuildConfiguration;
			buildSettings = {
				ASSETCATALOG_COMPILER_APPICON_NAME = AppIcon;
				CODE_SIGN_ENTITLEMENTS = "iTunesTopAlbumViewer/Top 100 Albums.entitlements";
				"CODE_SIGN_IDENTITY[sdk=macosx*]" = "-";
				CODE_SIGN_STYLE = Automatic;
				DERIVE_MACCATALYST_PRODUCT_BUNDLE_IDENTIFIER = YES;
				DEVELOPMENT_TEAM = "";
				INFOPLIST_FILE = iTunesTopAlbumViewer/Info.plist;
				LD_RUNPATH_SEARCH_PATHS = (
					"$(inherited)",
					"@executable_path/Frameworks",
				);
				PRODUCT_BUNDLE_IDENTIFIER = com.nick.iTunesTopAlbumViewer;
				PRODUCT_NAME = iTunesTopAlbumViewer;
				SUPPORTS_MACCATALYST = YES;
				SWIFT_VERSION = 5.0;
				TARGETED_DEVICE_FAMILY = "1,2";
			};
			name = Debug;
		};
		01C54219242AAD92005AB3FF /* Release */ = {
			isa = XCBuildConfiguration;
			buildSettings = {
				ASSETCATALOG_COMPILER_APPICON_NAME = AppIcon;
				CODE_SIGN_ENTITLEMENTS = "iTunesTopAlbumViewer/Top 100 Albums.entitlements";
				"CODE_SIGN_IDENTITY[sdk=macosx*]" = "-";
				CODE_SIGN_STYLE = Automatic;
				DERIVE_MACCATALYST_PRODUCT_BUNDLE_IDENTIFIER = YES;
				DEVELOPMENT_TEAM = "";
				INFOPLIST_FILE = iTunesTopAlbumViewer/Info.plist;
				LD_RUNPATH_SEARCH_PATHS = (
					"$(inherited)",
					"@executable_path/Frameworks",
				);
				PRODUCT_BUNDLE_IDENTIFIER = com.nick.iTunesTopAlbumViewer;
				PRODUCT_NAME = iTunesTopAlbumViewer;
				SUPPORTS_MACCATALYST = YES;
				SWIFT_VERSION = 5.0;
				TARGETED_DEVICE_FAMILY = "1,2";
			};
			name = Release;
		};
		01C5421B242AAD92005AB3FF /* Debug */ = {
			isa = XCBuildConfiguration;
			buildSettings = {
				ALWAYS_EMBED_SWIFT_STANDARD_LIBRARIES = YES;
				BUNDLE_LOADER = "$(TEST_HOST)";
				"CODE_SIGN_IDENTITY[sdk=macosx*]" = "-";
				CODE_SIGN_STYLE = Automatic;
				INFOPLIST_FILE = iTunesTopAlbumViewerTests/Info.plist;
				IPHONEOS_DEPLOYMENT_TARGET = 13.2;
				LD_RUNPATH_SEARCH_PATHS = (
					"$(inherited)",
					"@executable_path/Frameworks",
					"@loader_path/Frameworks",
				);
				PRODUCT_BUNDLE_IDENTIFIER = com.nick.iTunesTopAlbumViewerTests;
				PRODUCT_NAME = "$(TARGET_NAME)";
				SWIFT_VERSION = 5.0;
				TARGETED_DEVICE_FAMILY = "1,2";
				TEST_HOST = "$(BUILT_PRODUCTS_DIR)/iTunesTopAlbumViewer.app/iTunesTopAlbumViewer";
			};
			name = Debug;
		};
		01C5421C242AAD92005AB3FF /* Release */ = {
			isa = XCBuildConfiguration;
			buildSettings = {
				ALWAYS_EMBED_SWIFT_STANDARD_LIBRARIES = YES;
				BUNDLE_LOADER = "$(TEST_HOST)";
				"CODE_SIGN_IDENTITY[sdk=macosx*]" = "-";
				CODE_SIGN_STYLE = Automatic;
				INFOPLIST_FILE = iTunesTopAlbumViewerTests/Info.plist;
				IPHONEOS_DEPLOYMENT_TARGET = 13.2;
				LD_RUNPATH_SEARCH_PATHS = (
					"$(inherited)",
					"@executable_path/Frameworks",
					"@loader_path/Frameworks",
				);
				PRODUCT_BUNDLE_IDENTIFIER = com.nick.iTunesTopAlbumViewerTests;
				PRODUCT_NAME = "$(TARGET_NAME)";
				SWIFT_VERSION = 5.0;
				TARGETED_DEVICE_FAMILY = "1,2";
				TEST_HOST = "$(BUILT_PRODUCTS_DIR)/iTunesTopAlbumViewer.app/iTunesTopAlbumViewer";
			};
			name = Release;
		};
		01C5421E242AAD92005AB3FF /* Debug */ = {
			isa = XCBuildConfiguration;
			buildSettings = {
				ALWAYS_EMBED_SWIFT_STANDARD_LIBRARIES = YES;
				"CODE_SIGN_IDENTITY[sdk=macosx*]" = "-";
				CODE_SIGN_STYLE = Automatic;
				INFOPLIST_FILE = iTunesTopAlbumViewerUITests/Info.plist;
				LD_RUNPATH_SEARCH_PATHS = (
					"$(inherited)",
					"@executable_path/Frameworks",
					"@loader_path/Frameworks",
				);
				PRODUCT_BUNDLE_IDENTIFIER = com.nick.iTunesTopAlbumViewerUITests;
				PRODUCT_NAME = "$(TARGET_NAME)";
				SWIFT_VERSION = 5.0;
				TARGETED_DEVICE_FAMILY = "1,2";
				TEST_TARGET_NAME = iTunesTopAlbumViewer;
			};
			name = Debug;
		};
		01C5421F242AAD92005AB3FF /* Release */ = {
			isa = XCBuildConfiguration;
			buildSettings = {
				ALWAYS_EMBED_SWIFT_STANDARD_LIBRARIES = YES;
				"CODE_SIGN_IDENTITY[sdk=macosx*]" = "-";
				CODE_SIGN_STYLE = Automatic;
				INFOPLIST_FILE = iTunesTopAlbumViewerUITests/Info.plist;
				LD_RUNPATH_SEARCH_PATHS = (
					"$(inherited)",
					"@executable_path/Frameworks",
					"@loader_path/Frameworks",
				);
				PRODUCT_BUNDLE_IDENTIFIER = com.nick.iTunesTopAlbumViewerUITests;
				PRODUCT_NAME = "$(TARGET_NAME)";
				SWIFT_VERSION = 5.0;
				TARGETED_DEVICE_FAMILY = "1,2";
				TEST_TARGET_NAME = iTunesTopAlbumViewer;
			};
			name = Release;
		};
/* End XCBuildConfiguration section */

/* Begin XCConfigurationList section */
		01C541E8242AAD8F005AB3FF /* Build configuration list for PBXProject "iTunesTopAlbumViewer" */ = {
			isa = XCConfigurationList;
			buildConfigurations = (
				01C54215242AAD92005AB3FF /* Debug */,
				01C54216242AAD92005AB3FF /* Release */,
			);
			defaultConfigurationIsVisible = 0;
			defaultConfigurationName = Release;
		};
		01C54217242AAD92005AB3FF /* Build configuration list for PBXNativeTarget "iTunesTopAlbumViewer" */ = {
			isa = XCConfigurationList;
			buildConfigurations = (
				01C54218242AAD92005AB3FF /* Debug */,
				01C54219242AAD92005AB3FF /* Release */,
			);
			defaultConfigurationIsVisible = 0;
			defaultConfigurationName = Release;
		};
		01C5421A242AAD92005AB3FF /* Build configuration list for PBXNativeTarget "iTunesTopAlbumViewerTests" */ = {
			isa = XCConfigurationList;
			buildConfigurations = (
				01C5421B242AAD92005AB3FF /* Debug */,
				01C5421C242AAD92005AB3FF /* Release */,
			);
			defaultConfigurationIsVisible = 0;
			defaultConfigurationName = Release;
		};
		01C5421D242AAD92005AB3FF /* Build configuration list for PBXNativeTarget "iTunesTopAlbumViewerUITests" */ = {
			isa = XCConfigurationList;
			buildConfigurations = (
				01C5421E242AAD92005AB3FF /* Debug */,
				01C5421F242AAD92005AB3FF /* Release */,
			);
			defaultConfigurationIsVisible = 0;
			defaultConfigurationName = Release;
		};
/* End XCConfigurationList section */
	};
	rootObject = 01C541E5242AAD8F005AB3FF /* Project object */;
}
